
Microsoft Visual Studio Solution File, Format Version 12.00
# Visual Studio Version 16
VisualStudioVersion = 16.0.31702.278
MinimumVisualStudioVersion = 10.0.40219.1
Project("{FAE04EC0-301F-11D3-BF4B-00C04F79EFBC}") = "High Speed Pursuit", "High Speed Pursuit\High Speed Pursuit.csproj", "{9DB69B2C-C8E0-40AF-9389-DE632D6BBADA}"
EndProject
Global
	GlobalSection(SolutionConfigurationPlatforms) = preSolution
		Debug|Any CPU = Debug|Any CPU
		Release|Any CPU = Release|Any CPU
	EndGlobalSection
	GlobalSection(ProjectConfigurationPlatforms) = postSolution
		{9DB69B2C-C8E0-40AF-9389-DE632D6BBADA}.Debug|Any CPU.ActiveCfg = Debug|Any CPU
		{9DB69B2C-C8E0-40AF-9389-DE632D6BBADA}.Debug|Any CPU.Build.0 = Debug|Any CPU
		{9DB69B2C-C8E0-40AF-9389-DE632D6BBADA}.Release|Any CPU.ActiveCfg = Release|Any CPU
		{9DB69B2C-C8E0-40AF-9389-DE632D6BBADA}.Release|Any CPU.Build.0 = Release|Any CPU
	EndGlobalSection
	GlobalSection(SolutionProperties) = preSolution
		HideSolutionNode = FALSE
	EndGlobalSection
	GlobalSection(ExtensibilityGlobals) = postSolution
		SolutionGuid = {C710F1B2-6BCD-4BAE-9147-34938CDD0078}
	EndGlobalSection
EndGlobal
